// !$*UTF8*$!
{
	archiveVersion = 1;
	classes = {
	};
	objectVersion = 50;
	objects = {

/* Begin PBXBuildFile section */
		8BB6E8AA222E1BA4003008C8 /* AppDelegate.swift in Sources */ = {isa = PBXBuildFile; fileRef = 8BB6E8A9222E1BA4003008C8 /* AppDelegate.swift */; };
		8BB6E8AC222E1BA5003008C8 /* ViewController.swift in Sources */ = {isa = PBXBuildFile; fileRef = 8BB6E8AB222E1BA5003008C8 /* ViewController.swift */; };
		8BB6E8AF222E1BA5003008C8 /* Main.storyboard in Resources */ = {isa = PBXBuildFile; fileRef = 8BB6E8AD222E1BA5003008C8 /* Main.storyboard */; };
		8BB6E8B1222E1BA5003008C8 /* Assets.xcassets in Resources */ = {isa = PBXBuildFile; fileRef = 8BB6E8B0222E1BA5003008C8 /* Assets.xcassets */; };
		8BB6E8B4222E1BA5003008C8 /* LaunchScreen.storyboard in Resources */ = {isa = PBXBuildFile; fileRef = 8BB6E8B2222E1BA5003008C8 /* LaunchScreen.storyboard */; };
		8BB6E8BF222E1BA6003008C8 /* ParentChildRepoTests.swift in Sources */ = {isa = PBXBuildFile; fileRef = 8BB6E8BE222E1BA6003008C8 /* ParentChildRepoTests.swift */; };
		8BB6E8CA222E1BA6003008C8 /* ParentChildRepoUITests.swift in Sources */ = {isa = PBXBuildFile; fileRef = 8BB6E8C9222E1BA6003008C8 /* ParentChildRepoUITests.swift */; };
/* End PBXBuildFile section */

/* Begin PBXContainerItemProxy section */
		8BB6E8BB222E1BA6003008C8 /* PBXContainerItemProxy */ = {
			isa = PBXContainerItemProxy;
			containerPortal = 8BB6E89E222E1BA4003008C8 /* Project object */;
			proxyType = 1;
			remoteGlobalIDString = 8BB6E8A5222E1BA4003008C8;
			remoteInfo = ParentChildRepo;
		};
		8BB6E8C6222E1BA6003008C8 /* PBXContainerItemProxy */ = {
			isa = PBXContainerItemProxy;
			containerPortal = 8BB6E89E222E1BA4003008C8 /* Project object */;
			proxyType = 1;
			remoteGlobalIDString = 8BB6E8A5222E1BA4003008C8;
			remoteInfo = ParentChildRepo;
		};
/* End PBXContainerItemProxy section */

/* Begin PBXFileReference section */
		8BB6E8A6222E1BA4003008C8 /* ParentChildRepo.app */ = {isa = PBXFileReference; explicitFileType = wrapper.application; includeInIndex = 0; path = ParentChildRepo.app; sourceTree = BUILT_PRODUCTS_DIR; };
		8BB6E8A9222E1BA4003008C8 /* AppDelegate.swift */ = {isa = PBXFileReference; lastKnownFileType = sourcecode.swift; path = AppDelegate.swift; sourceTree = "<group>"; };
		8BB6E8AB222E1BA5003008C8 /* ViewController.swift */ = {isa = PBXFileReference; lastKnownFileType = sourcecode.swift; path = ViewController.swift; sourceTree = "<group>"; };
		8BB6E8AE222E1BA5003008C8 /* Base */ = {isa = PBXFileReference; lastKnownFileType = file.storyboard; name = Base; path = Base.lproj/Main.storyboard; sourceTree = "<group>"; };
		8BB6E8B0222E1BA5003008C8 /* Assets.xcassets */ = {isa = PBXFileReference; lastKnownFileType = folder.assetcatalog; path = Assets.xcassets; sourceTree = "<group>"; };
		8BB6E8B3222E1BA5003008C8 /* Base */ = {isa = PBXFileReference; lastKnownFileType = file.storyboard; name = Base; path = Base.lproj/LaunchScreen.storyboard; sourceTree = "<group>"; };
		8BB6E8B5222E1BA5003008C8 /* Info.plist */ = {isa = PBXFileReference; lastKnownFileType = text.plist.xml; path = Info.plist; sourceTree = "<group>"; };
		8BB6E8BA222E1BA6003008C8 /* ParentChildRepoTests.xctest */ = {isa = PBXFileReference; explicitFileType = wrapper.cfbundle; includeInIndex = 0; path = ParentChildRepoTests.xctest; sourceTree = BUILT_PRODUCTS_DIR; };
		8BB6E8BE222E1BA6003008C8 /* ParentChildRepoTests.swift */ = {isa = PBXFileReference; lastKnownFileType = sourcecode.swift; path = ParentChildRepoTests.swift; sourceTree = "<group>"; };
		8BB6E8C0222E1BA6003008C8 /* Info.plist */ = {isa = PBXFileReference; lastKnownFileType = text.plist.xml; path = Info.plist; sourceTree = "<group>"; };
		8BB6E8C5222E1BA6003008C8 /* ParentChildRepoUITests.xctest */ = {isa = PBXFileReference; explicitFileType = wrapper.cfbundle; includeInIndex = 0; path = ParentChildRepoUITests.xctest; sourceTree = BUILT_PRODUCTS_DIR; };
		8BB6E8C9222E1BA6003008C8 /* ParentChildRepoUITests.swift */ = {isa = PBXFileReference; lastKnownFileType = sourcecode.swift; path = ParentChildRepoUITests.swift; sourceTree = "<group>"; };
		8BB6E8CB222E1BA6003008C8 /* Info.plist */ = {isa = PBXFileReference; lastKnownFileType = text.plist.xml; path = Info.plist; sourceTree = "<group>"; };
/* End PBXFileReference section */

/* Begin PBXFrameworksBuildPhase section */
		8BB6E8A3222E1BA4003008C8 /* Frameworks */ = {
			isa = PBXFrameworksBuildPhase;
			buildActionMask = 2147483647;
			files = (
			);
			runOnlyForDeploymentPostprocessing = 0;
		};
		8BB6E8B7222E1BA6003008C8 /* Frameworks */ = {
			isa = PBXFrameworksBuildPhase;
			buildActionMask = 2147483647;
			files = (
			);
			runOnlyForDeploymentPostprocessing = 0;
		};
		8BB6E8C2222E1BA6003008C8 /* Frameworks */ = {
			isa = PBXFrameworksBuildPhase;
			buildActionMask = 2147483647;
			files = (
			);
			runOnlyForDeploymentPostprocessing = 0;
		};
/* End PBXFrameworksBuildPhase section */

/* Begin PBXGroup section */
		8BB6E89D222E1BA4003008C8 = {
			isa = PBXGroup;
			children = (
				8BB6E8A8222E1BA4003008C8 /* ParentChildRepo */,
				8BB6E8BD222E1BA6003008C8 /* ParentChildRepoTests */,
				8BB6E8C8222E1BA6003008C8 /* ParentChildRepoUITests */,
				8BB6E8A7222E1BA4003008C8 /* Products */,
			);
			sourceTree = "<group>";
		};
		8BB6E8A7222E1BA4003008C8 /* Products */ = {
			isa = PBXGroup;
			children = (
				8BB6E8A6222E1BA4003008C8 /* ParentChildRepo.app */,
				8BB6E8BA222E1BA6003008C8 /* ParentChildRepoTests.xctest */,
				8BB6E8C5222E1BA6003008C8 /* ParentChildRepoUITests.xctest */,
			);
			name = Products;
			sourceTree = "<group>";
		};
		8BB6E8A8222E1BA4003008C8 /* ParentChildRepo */ = {
			isa = PBXGroup;
			children = (
				8BB6E8A9222E1BA4003008C8 /* AppDelegate.swift */,
				8BB6E8AB222E1BA5003008C8 /* ViewController.swift */,
				8BB6E8AD222E1BA5003008C8 /* Main.storyboard */,
				8BB6E8B0222E1BA5003008C8 /* Assets.xcassets */,
				8BB6E8B2222E1BA5003008C8 /* LaunchScreen.storyboard */,
				8BB6E8B5222E1BA5003008C8 /* Info.plist */,
			);
			path = ParentChildRepo;
			sourceTree = "<group>";
		};
		8BB6E8BD222E1BA6003008C8 /* ParentChildRepoTests */ = {
			isa = PBXGroup;
			children = (
				8BB6E8BE222E1BA6003008C8 /* ParentChildRepoTests.swift */,
				8BB6E8C0222E1BA6003008C8 /* Info.plist */,
			);
			path = ParentChildRepoTests;
			sourceTree = "<group>";
		};
		8BB6E8C8222E1BA6003008C8 /* ParentChildRepoUITests */ = {
			isa = PBXGroup;
			children = (
				8BB6E8C9222E1BA6003008C8 /* ParentChildRepoUITests.swift */,
				8BB6E8CB222E1BA6003008C8 /* Info.plist */,
			);
			path = ParentChildRepoUITests;
			sourceTree = "<group>";
		};
/* End PBXGroup section */

/* Begin PBXNativeTarget section */
		8BB6E8A5222E1BA4003008C8 /* ParentChildRepo */ = {
			isa = PBXNativeTarget;
			buildConfigurationList = 8BB6E8CE222E1BA6003008C8 /* Build configuration list for PBXNativeTarget "ParentChildRepo" */;
			buildPhases = (
				8BB6E8A2222E1BA4003008C8 /* Sources */,
				8BB6E8A3222E1BA4003008C8 /* Frameworks */,
				8BB6E8A4222E1BA4003008C8 /* Resources */,
			);
			buildRules = (
			);
			dependencies = (
			);
			name = ParentChildRepo;
			productName = ParentChildRepo;
			productReference = 8BB6E8A6222E1BA4003008C8 /* ParentChildRepo.app */;
			productType = "com.apple.product-type.application";
		};
		8BB6E8B9222E1BA6003008C8 /* ParentChildRepoTests */ = {
			isa = PBXNativeTarget;
			buildConfigurationList = 8BB6E8D1222E1BA6003008C8 /* Build configuration list for PBXNativeTarget "ParentChildRepoTests" */;
			buildPhases = (
				8BB6E8B6222E1BA6003008C8 /* Sources */,
				8BB6E8B7222E1BA6003008C8 /* Frameworks */,
				8BB6E8B8222E1BA6003008C8 /* Resources */,
			);
			buildRules = (
			);
			dependencies = (
				8BB6E8BC222E1BA6003008C8 /* PBXTargetDependency */,
			);
			name = ParentChildRepoTests;
			productName = ParentChildRepoTests;
			productReference = 8BB6E8BA222E1BA6003008C8 /* ParentChildRepoTests.xctest */;
			productType = "com.apple.product-type.bundle.unit-test";
		};
		8BB6E8C4222E1BA6003008C8 /* ParentChildRepoUITests */ = {
			isa = PBXNativeTarget;
			buildConfigurationList = 8BB6E8D4222E1BA6003008C8 /* Build configuration list for PBXNativeTarget "ParentChildRepoUITests" */;
			buildPhases = (
				8BB6E8C1222E1BA6003008C8 /* Sources */,
				8BB6E8C2222E1BA6003008C8 /* Frameworks */,
				8BB6E8C3222E1BA6003008C8 /* Resources */,
			);
			buildRules = (
			);
			dependencies = (
				8BB6E8C7222E1BA6003008C8 /* PBXTargetDependency */,
			);
			name = ParentChildRepoUITests;
			productName = ParentChildRepoUITests;
			productReference = 8BB6E8C5222E1BA6003008C8 /* ParentChildRepoUITests.xctest */;
			productType = "com.apple.product-type.bundle.ui-testing";
		};
/* End PBXNativeTarget section */

/* Begin PBXProject section */
		8BB6E89E222E1BA4003008C8 /* Project object */ = {
			isa = PBXProject;
			attributes = {
				LastSwiftUpdateCheck = 1010;
				LastUpgradeCheck = 1010;
				ORGANIZATIONNAME = UOB;
				TargetAttributes = {
					8BB6E8A5222E1BA4003008C8 = {
						CreatedOnToolsVersion = 10.1;
					};
					8BB6E8B9222E1BA6003008C8 = {
						CreatedOnToolsVersion = 10.1;
						TestTargetID = 8BB6E8A5222E1BA4003008C8;
					};
					8BB6E8C4222E1BA6003008C8 = {
						CreatedOnToolsVersion = 10.1;
						TestTargetID = 8BB6E8A5222E1BA4003008C8;
					};
				};
			};
			buildConfigurationList = 8BB6E8A1222E1BA4003008C8 /* Build configuration list for PBXProject "ParentChildRepo" */;
			compatibilityVersion = "Xcode 9.3";
			developmentRegion = en;
			hasScannedForEncodings = 0;
			knownRegions = (
				en,
				Base,
			);
			mainGroup = 8BB6E89D222E1BA4003008C8;
			productRefGroup = 8BB6E8A7222E1BA4003008C8 /* Products */;
			projectDirPath = "";
			projectRoot = "";
			targets = (
				8BB6E8A5222E1BA4003008C8 /* ParentChildRepo */,
				8BB6E8B9222E1BA6003008C8 /* ParentChildRepoTests */,
				8BB6E8C4222E1BA6003008C8 /* ParentChildRepoUITests */,
			);
		};
/* End PBXProject section */

/* Begin PBXResourcesBuildPhase section */
		8BB6E8A4222E1BA4003008C8 /* Resources */ = {
			isa = PBXResourcesBuildPhase;
			buildActionMask = 2147483647;
			files = (
				8BB6E8B4222E1BA5003008C8 /* LaunchScreen.storyboard in Resources */,
				8BB6E8B1222E1BA5003008C8 /* Assets.xcassets in Resources */,
				8BB6E8AF222E1BA5003008C8 /* Main.storyboard in Resources */,
			);
			runOnlyForDeploymentPostprocessing = 0;
		};
		8BB6E8B8222E1BA6003008C8 /* Resources */ = {
			isa = PBXResourcesBuildPhase;
			buildActionMask = 2147483647;
			files = (
			);
			runOnlyForDeploymentPostprocessing = 0;
		};
		8BB6E8C3222E1BA6003008C8 /* Resources */ = {
			isa = PBXResourcesBuildPhase;
			buildActionMask = 2147483647;
			files = (
			);
			runOnlyForDeploymentPostprocessing = 0;
		};
/* End PBXResourcesBuildPhase section */

/* Begin PBXSourcesBuildPhase section */
		8BB6E8A2222E1BA4003008C8 /* Sources */ = {
			isa = PBXSourcesBuildPhase;
			buildActionMask = 2147483647;
			files = (
				8BB6E8AC222E1BA5003008C8 /* ViewController.swift in Sources */,
				8BB6E8AA222E1BA4003008C8 /* AppDelegate.swift in Sources */,
			);
			runOnlyForDeploymentPostprocessing = 0;
		};
		8BB6E8B6222E1BA6003008C8 /* Sources */ = {
			isa = PBXSourcesBuildPhase;
			buildActionMask = 2147483647;
			files = (
				8BB6E8BF222E1BA6003008C8 /* ParentChildRepoTests.swift in Sources */,
			);
			runOnlyForDeploymentPostprocessing = 0;
		};
		8BB6E8C1222E1BA6003008C8 /* Sources */ = {
			isa = PBXSourcesBuildPhase;
			buildActionMask = 2147483647;
			files = (
				8BB6E8CA222E1BA6003008C8 /* ParentChildRepoUITests.swift in Sources */,
			);
			runOnlyForDeploymentPostprocessing = 0;
		};
/* End PBXSourcesBuildPhase section */

/* Begin PBXTargetDependency section */
		8BB6E8BC222E1BA6003008C8 /* PBXTargetDependency */ = {
			isa = PBXTargetDependency;
			target = 8BB6E8A5222E1BA4003008C8 /* ParentChildRepo */;
			targetProxy = 8BB6E8BB222E1BA6003008C8 /* PBXContainerItemProxy */;
		};
		8BB6E8C7222E1BA6003008C8 /* PBXTargetDependency */ = {
			isa = PBXTargetDependency;
			target = 8BB6E8A5222E1BA4003008C8 /* ParentChildRepo */;
			targetProxy = 8BB6E8C6222E1BA6003008C8 /* PBXContainerItemProxy */;
		};
/* End PBXTargetDependency section */

/* Begin PBXVariantGroup section */
		8BB6E8AD222E1BA5003008C8 /* Main.storyboard */ = {
			isa = PBXVariantGroup;
			children = (
				8BB6E8AE222E1BA5003008C8 /* Base */,
			);
			name = Main.storyboard;
			sourceTree = "<group>";
		};
		8BB6E8B2222E1BA5003008C8 /* LaunchScreen.storyboard */ = {
			isa = PBXVariantGroup;
			children = (
				8BB6E8B3222E1BA5003008C8 /* Base */,
			);
			name = LaunchScreen.storyboard;
			sourceTree = "<group>";
		};
/* End PBXVariantGroup section */

/* Begin XCBuildConfiguration section */
		8BB6E8CC222E1BA6003008C8 /* Debug */ = {
			isa = XCBuildConfiguration;
			buildSettings = {
				ALWAYS_SEARCH_USER_PATHS = NO;
				CLANG_ANALYZER_NONNULL = YES;
				CLANG_ANALYZER_NUMBER_OBJECT_CONVERSION = YES_AGGRESSIVE;
				CLANG_CXX_LANGUAGE_STANDARD = "gnu++14";
				CLANG_CXX_LIBRARY = "libc++";
				CLANG_ENABLE_MODULES = YES;
				CLANG_ENABLE_OBJC_ARC = YES;
				CLANG_ENABLE_OBJC_WEAK = YES;
				CLANG_WARN_BLOCK_CAPTURE_AUTORELEASING = YES;
				CLANG_WARN_BOOL_CONVERSION = YES;
				CLANG_WARN_COMMA = YES;
				CLANG_WARN_CONSTANT_CONVERSION = YES;
				CLANG_WARN_DEPRECATED_OBJC_IMPLEMENTATIONS = YES;
				CLANG_WARN_DIRECT_OBJC_ISA_USAGE = YES_ERROR;
				CLANG_WARN_DOCUMENTATION_COMMENTS = YES;
				CLANG_WARN_EMPTY_BODY = YES;
				CLANG_WARN_ENUM_CONVERSION = YES;
				CLANG_WARN_INFINITE_RECURSION = YES;
				CLANG_WARN_INT_CONVERSION = YES;
				CLANG_WARN_NON_LITERAL_NULL_CONVERSION = YES;
				CLANG_WARN_OBJC_IMPLICIT_RETAIN_SELF = YES;
				CLANG_WARN_OBJC_LITERAL_CONVERSION = YES;
				CLANG_WARN_OBJC_ROOT_CLASS = YES_ERROR;
				CLANG_WARN_RANGE_LOOP_ANALYSIS = YES;
				CLANG_WARN_STRICT_PROTOTYPES = YES;
				CLANG_WARN_SUSPICIOUS_MOVE = YES;
				CLANG_WARN_UNGUARDED_AVAILABILITY = YES_AGGRESSIVE;
				CLANG_WARN_UNREACHABLE_CODE = YES;
				CLANG_WARN__DUPLICATE_METHOD_MATCH = YES;
				CODE_SIGN_IDENTITY = "iPhone Developer";
				COPY_PHASE_STRIP = NO;
				DEBUG_INFORMATION_FORMAT = dwarf;
				ENABLE_STRICT_OBJC_MSGSEND = YES;
				ENABLE_TESTABILITY = YES;
				GCC_C_LANGUAGE_STANDARD = gnu11;
				GCC_DYNAMIC_NO_PIC = NO;
				GCC_NO_COMMON_BLOCKS = YES;
				GCC_OPTIMIZATION_LEVEL = 0;
				GCC_PREPROCESSOR_DEFINITIONS = (
					"DEBUG=1",
					"$(inherited)",
				);
				GCC_WARN_64_TO_32_BIT_CONVERSION = YES;
				GCC_WARN_ABOUT_RETURN_TYPE = YES_ERROR;
				GCC_WARN_UNDECLARED_SELECTOR = YES;
				GCC_WARN_UNINITIALIZED_AUTOS = YES_AGGRESSIVE;
				GCC_WARN_UNUSED_FUNCTION = YES;
				GCC_WARN_UNUSED_VARIABLE = YES;
				IPHONEOS_DEPLOYMENT_TARGET = 12.1;
				MTL_ENABLE_DEBUG_INFO = INCLUDE_SOURCE;
				MTL_FAST_MATH = YES;
				ONLY_ACTIVE_ARCH = YES;
				SDKROOT = iphoneos;
				SWIFT_ACTIVE_COMPILATION_CONDITIONS = DEBUG;
				SWIFT_OPTIMIZATION_LEVEL = "-Onone";
			};
			name = Debug;
		};
		8BB6E8CD222E1BA6003008C8 /* Release */ = {
			isa = XCBuildConfiguration;
			buildSettings = {
				ALWAYS_SEARCH_USER_PATHS = NO;
				CLANG_ANALYZER_NONNULL = YES;
				CLANG_ANALYZER_NUMBER_OBJECT_CONVERSION = YES_AGGRESSIVE;
				CLANG_CXX_LANGUAGE_STANDARD = "gnu++14";
				CLANG_CXX_LIBRARY = "libc++";
				CLANG_ENABLE_MODULES = YES;
				CLANG_ENABLE_OBJC_ARC = YES;
				CLANG_ENABLE_OBJC_WEAK = YES;
				CLANG_WARN_BLOCK_CAPTURE_AUTORELEASING = YES;
				CLANG_WARN_BOOL_CONVERSION = YES;
				CLANG_WARN_COMMA = YES;
				CLANG_WARN_CONSTANT_CONVERSION = YES;
				CLANG_WARN_DEPRECATED_OBJC_IMPLEMENTATIONS = YES;
				CLANG_WARN_DIRECT_OBJC_ISA_USAGE = YES_ERROR;
				CLANG_WARN_DOCUMENTATION_COMMENTS = YES;
				CLANG_WARN_EMPTY_BODY = YES;
				CLANG_WARN_ENUM_CONVERSION = YES;
				CLANG_WARN_INFINITE_RECURSION = YES;
				CLANG_WARN_INT_CONVERSION = YES;
				CLANG_WARN_NON_LITERAL_NULL_CONVERSION = YES;
				CLANG_WARN_OBJC_IMPLICIT_RETAIN_SELF = YES;
				CLANG_WARN_OBJC_LITERAL_CONVERSION = YES;
				CLANG_WARN_OBJC_ROOT_CLASS = YES_ERROR;
				CLANG_WARN_RANGE_LOOP_ANALYSIS = YES;
				CLANG_WARN_STRICT_PROTOTYPES = YES;
				CLANG_WARN_SUSPICIOUS_MOVE = YES;
				CLANG_WARN_UNGUARDED_AVAILABILITY = YES_AGGRESSIVE;
				CLANG_WARN_UNREACHABLE_CODE = YES;
				CLANG_WARN__DUPLICATE_METHOD_MATCH = YES;
				CODE_SIGN_IDENTITY = "iPhone Developer";
				COPY_PHASE_STRIP = NO;
				DEBUG_INFORMATION_FORMAT = "dwarf-with-dsym";
				ENABLE_NS_ASSERTIONS = NO;
				ENABLE_STRICT_OBJC_MSGSEND = YES;
				GCC_C_LANGUAGE_STANDARD = gnu11;
				GCC_NO_COMMON_BLOCKS = YES;
				GCC_WARN_64_TO_32_BIT_CONVERSION = YES;
				GCC_WARN_ABOUT_RETURN_TYPE = YES_ERROR;
				GCC_WARN_UNDECLARED_SELECTOR = YES;
				GCC_WARN_UNINITIALIZED_AUTOS = YES_AGGRESSIVE;
				GCC_WARN_UNUSED_FUNCTION = YES;
				GCC_WARN_UNUSED_VARIABLE = YES;
				IPHONEOS_DEPLOYMENT_TARGET = 12.1;
				MTL_ENABLE_DEBUG_INFO = NO;
				MTL_FAST_MATH = YES;
				SDKROOT = iphoneos;
				SWIFT_COMPILATION_MODE = wholemodule;
				SWIFT_OPTIMIZATION_LEVEL = "-O";
				VALIDATE_PRODUCT = YES;
			};
			name = Release;
		};
		8BB6E8CF222E1BA6003008C8 /* Debug */ = {
			isa = XCBuildConfiguration;
			buildSettings = {
				ASSETCATALOG_COMPILER_APPICON_NAME = AppIcon;
				CODE_SIGN_STYLE = Automatic;
				INFOPLIST_FILE = ParentChildRepo/Info.plist;
				LD_RUNPATH_SEARCH_PATHS = (
					"$(inherited)",
					"@executable_path/Frameworks",
				);
				PRODUCT_BUNDLE_IDENTIFIER = UOB.ParentChildRepo;
				PRODUCT_NAME = "$(TARGET_NAME)";
				SWIFT_VERSION = 4.2;
				TARGETED_DEVICE_FAMILY = "1,2";
			};
			name = Debug;
		};
		8BB6E8D0222E1BA6003008C8 /* Release */ = {
			isa = XCBuildConfiguration;
			buildSettings = {
				ASSETCATALOG_COMPILER_APPICON_NAME = AppIcon;
				CODE_SIGN_STYLE = Automatic;
				INFOPLIST_FILE = ParentChildRepo/Info.plist;
				LD_RUNPATH_SEARCH_PATHS = (
					"$(inherited)",
					"@executable_path/Frameworks",
				);
				PRODUCT_BUNDLE_IDENTIFIER = UOB.ParentChildRepo;
				PRODUCT_NAME = "$(TARGET_NAME)";
				SWIFT_VERSION = 4.2;
				TARGETED_DEVICE_FAMILY = "1,2";
			};
			name = Release;
		};
		8BB6E8D2222E1BA6003008C8 /* Debug */ = {
			isa = XCBuildConfiguration;
			buildSettings = {
				ALWAYS_EMBED_SWIFT_STANDARD_LIBRARIES = YES;
				BUNDLE_LOADER = "$(TEST_HOST)";
				CODE_SIGN_STYLE = Automatic;
				INFOPLIST_FILE = ParentChildRepoTests/Info.plist;
				LD_RUNPATH_SEARCH_PATHS = (
					"$(inherited)",
					"@executable_path/Frameworks",
					"@loader_path/Frameworks",
				);
				PRODUCT_BUNDLE_IDENTIFIER = UOB.ParentChildRepoTests;
				PRODUCT_NAME = "$(TARGET_NAME)";
				SWIFT_VERSION = 4.2;
				TARGETED_DEVICE_FAMILY = "1,2";
				TEST_HOST = "$(BUILT_PRODUCTS_DIR)/ParentChildRepo.app/ParentChildRepo";
			};
			name = Debug;
		};
		8BB6E8D3222E1BA6003008C8 /* Release */ = {
			isa = XCBuildConfiguration;
			buildSettings = {
				ALWAYS_EMBED_SWIFT_STANDARD_LIBRARIES = YES;
				BUNDLE_LOADER = "$(TEST_HOST)";
				CODE_SIGN_STYLE = Automatic;
				INFOPLIST_FILE = ParentChildRepoTests/Info.plist;
				LD_RUNPATH_SEARCH_PATHS = (
					"$(inherited)",
					"@executable_path/Frameworks",
					"@loader_path/Frameworks",
				);
				PRODUCT_BUNDLE_IDENTIFIER = UOB.ParentChildRepoTests;
				PRODUCT_NAME = "$(TARGET_NAME)";
				SWIFT_VERSION = 4.2;
				TARGETED_DEVICE_FAMILY = "1,2";
				TEST_HOST = "$(BUILT_PRODUCTS_DIR)/ParentChildRepo.app/ParentChildRepo";
			};
			name = Release;
		};
		8BB6E8D5222E1BA6003008C8 /* Debug */ = {
			isa = XCBuildConfiguration;
			buildSettings = {
				ALWAYS_EMBED_SWIFT_STANDARD_LIBRARIES = YES;
				CODE_SIGN_STYLE = Automatic;
				INFOPLIST_FILE = ParentChildRepoUITests/Info.plist;
				LD_RUNPATH_SEARCH_PATHS = (
					"$(inherited)",
					"@executable_path/Frameworks",
					"@loader_path/Frameworks",
				);
				PRODUCT_BUNDLE_IDENTIFIER = UOB.ParentChildRepoUITests;
				PRODUCT_NAME = "$(TARGET_NAME)";
				SWIFT_VERSION = 4.2;
				TARGETED_DEVICE_FAMILY = "1,2";
				TEST_TARGET_NAME = ParentChildRepo;
			};
			name = Debug;
		};
		8BB6E8D6222E1BA6003008C8 /* Release */ = {
			isa = XCBuildConfiguration;
			buildSettings = {
				ALWAYS_EMBED_SWIFT_STANDARD_LIBRARIES = YES;
				CODE_SIGN_STYLE = Automatic;
				INFOPLIST_FILE = ParentChildRepoUITests/Info.plist;
				LD_RUNPATH_SEARCH_PATHS = (
					"$(inherited)",
					"@executable_path/Frameworks",
					"@loader_path/Frameworks",
				);
				PRODUCT_BUNDLE_IDENTIFIER = UOB.ParentChildRepoUITests;
				PRODUCT_NAME = "$(TARGET_NAME)";
				SWIFT_VERSION = 4.2;
				TARGETED_DEVICE_FAMILY = "1,2";
				TEST_TARGET_NAME = ParentChildRepo;
			};
			name = Release;
		};
/* End XCBuildConfiguration section */

/* Begin XCConfigurationList section */
		8BB6E8A1222E1BA4003008C8 /* Build configuration list for PBXProject "ParentChildRepo" */ = {
			isa = XCConfigurationList;
			buildConfigurations = (
				8BB6E8CC222E1BA6003008C8 /* Debug */,
				8BB6E8CD222E1BA6003008C8 /* Release */,
			);
			defaultConfigurationIsVisible = 0;
			defaultConfigurationName = Release;
		};
		8BB6E8CE222E1BA6003008C8 /* Build configuration list for PBXNativeTarget "ParentChildRepo" */ = {
			isa = XCConfigurationList;
			buildConfigurations = (
				8BB6E8CF222E1BA6003008C8 /* Debug */,
				8BB6E8D0222E1BA6003008C8 /* Release */,
			);
			defaultConfigurationIsVisible = 0;
			defaultConfigurationName = Release;
		};
		8BB6E8D1222E1BA6003008C8 /* Build configuration list for PBXNativeTarget "ParentChildRepoTests" */ = {
			isa = XCConfigurationList;
			buildConfigurations = (
				8BB6E8D2222E1BA6003008C8 /* Debug */,
				8BB6E8D3222E1BA6003008C8 /* Release */,
			);
			defaultConfigurationIsVisible = 0;
			defaultConfigurationName = Release;
		};
		8BB6E8D4222E1BA6003008C8 /* Build configuration list for PBXNativeTarget "ParentChildRepoUITests" */ = {
			isa = XCConfigurationList;
			buildConfigurations = (
				8BB6E8D5222E1BA6003008C8 /* Debug */,
				8BB6E8D6222E1BA6003008C8 /* Release */,
			);
			defaultConfigurationIsVisible = 0;
			defaultConfigurationName = Release;
		};
/* End XCConfigurationList section */
	};
	rootObject = 8BB6E89E222E1BA4003008C8 /* Project object */;
}
